
Microsoft Visual Studio Solution File, Format Version 12.00
# Visual Studio Version 16
VisualStudioVersion = 16.0.31624.102
MinimumVisualStudioVersion = 10.0.40219.1
Project("{FAE04EC0-301F-11D3-BF4B-00C04F79EFBC}") = "myApi", "myApi\myApi.csproj", "{4D56FBE4-49A7-430D-A1C5-77D3C287975A}"
EndProject
Global
	GlobalSection(SolutionConfigurationPlatforms) = preSolution
		Debug|Any CPU = Debug|Any CPU
		Release|Any CPU = Release|Any CPU
	EndGlobalSection
	GlobalSection(ProjectConfigurationPlatforms) = postSolution
		{4D56FBE4-49A7-430D-A1C5-77D3C287975A}.Debug|Any CPU.ActiveCfg = Debug|Any CPU
		{4D56FBE4-49A7-430D-A1C5-77D3C287975A}.Debug|Any CPU.Build.0 = Debug|Any CPU
		{4D56FBE4-49A7-430D-A1C5-77D3C287975A}.Release|Any CPU.ActiveCfg = Release|Any CPU
		{4D56FBE4-49A7-430D-A1C5-77D3C287975A}.Release|Any CPU.Build.0 = Release|Any CPU
	EndGlobalSection
	GlobalSection(SolutionProperties) = preSolution
		HideSolutionNode = FALSE
	EndGlobalSection
	GlobalSection(ExtensibilityGlobals) = postSolution
		SolutionGuid = {D8FFFA74-3102-407B-9AAF-88F9D48EC6FA}
	EndGlobalSection
EndGlobal
